// !$*UTF8*$!
{
	archiveVersion = 1;
	classes = {
	};
	objectVersion = 46;
	objects = {

/* Begin PBXBuildFile section */
		02E01B92F02218BF0F03CB50 /* libPods.a in Frameworks */ = {isa = PBXBuildFile; fileRef = 1ACAF1271BCC34B6699C6601 /* libPods.a */; };
		191CC7281C36AC99001936C6 /* LoginPageVC.m in Sources */ = {isa = PBXBuildFile; fileRef = 191CC7271C36AC99001936C6 /* LoginPageVC.m */; };
		191CC72B1C36ACCC001936C6 /* SettingPageVC.m in Sources */ = {isa = PBXBuildFile; fileRef = 191CC72A1C36ACCC001936C6 /* SettingPageVC.m */; };
		191EB16A1C391EC6001011C9 /* HeadPortrait.m in Sources */ = {isa = PBXBuildFile; fileRef = 191EB1691C391EC6001011C9 /* HeadPortrait.m */; };
		191EB16D1C392166001011C9 /* HeaderPhotoCell.m in Sources */ = {isa = PBXBuildFile; fileRef = 191EB16C1C392166001011C9 /* HeaderPhotoCell.m */; };
		191EB1AE1C395A31001011C9 /* AppendNewsCell.m in Sources */ = {isa = PBXBuildFile; fileRef = 191EB1AD1C395A31001011C9 /* AppendNewsCell.m */; };
		191EB1B71C3960B6001011C9 /* SelectBtnVC.m in Sources */ = {isa = PBXBuildFile; fileRef = 191EB1B61C3960B6001011C9 /* SelectBtnVC.m */; };
		19448CDF1C38F2B400DB982F /* BaseVC.m in Sources */ = {isa = PBXBuildFile; fileRef = 19448CDE1C38F2B400DB982F /* BaseVC.m */; };
		19448CE51C38F49600DB982F /* DetailsPageVC.m in Sources */ = {isa = PBXBuildFile; fileRef = 19448CE41C38F49600DB982F /* DetailsPageVC.m */; };
		19448CE81C38F72E00DB982F /* DetailsModel.m in Sources */ = {isa = PBXBuildFile; fileRef = 19448CE71C38F72E00DB982F /* DetailsModel.m */; };
		197DF4BF1C3A46A50098466E /* AppendNews.m in Sources */ = {isa = PBXBuildFile; fileRef = 197DF4BE1C3A46A50098466E /* AppendNews.m */; };
		197DF4C21C3A46D60098466E /* ShowNews.m in Sources */ = {isa = PBXBuildFile; fileRef = 197DF4C11C3A46D60098466E /* ShowNews.m */; };
		19B9561E1C34F4D00035C50B /* main.m in Sources */ = {isa = PBXBuildFile; fileRef = 19B9561D1C34F4D00035C50B /* main.m */; };
		19B956211C34F4D00035C50B /* AppDelegate.m in Sources */ = {isa = PBXBuildFile; fileRef = 19B956201C34F4D00035C50B /* AppDelegate.m */; };
		19B956241C34F4D00035C50B /* HomePageNewsVC.m in Sources */ = {isa = PBXBuildFile; fileRef = 19B956231C34F4D00035C50B /* HomePageNewsVC.m */; };
		19B956271C34F4D00035C50B /* Main.storyboard in Resources */ = {isa = PBXBuildFile; fileRef = 19B956251C34F4D00035C50B /* Main.storyboard */; };
		19B956291C34F4D00035C50B /* Assets.xcassets in Resources */ = {isa = PBXBuildFile; fileRef = 19B956281C34F4D00035C50B /* Assets.xcassets */; };
		19B9562C1C34F4D00035C50B /* LaunchScreen.storyboard in Resources */ = {isa = PBXBuildFile; fileRef = 19B9562A1C34F4D00035C50B /* LaunchScreen.storyboard */; };
		19B9563B1C34FB900035C50B /* GetNetworkData.m in Sources */ = {isa = PBXBuildFile; fileRef = 19B9563A1C34FB900035C50B /* GetNetworkData.m */; };
		19B9563E1C3501880035C50B /* BaseCell.m in Sources */ = {isa = PBXBuildFile; fileRef = 19B9563D1C3501880035C50B /* BaseCell.m */; };
		19B956441C350AAD0035C50B /* StoriesCell.m in Sources */ = {isa = PBXBuildFile; fileRef = 19B956431C350AAD0035C50B /* StoriesCell.m */; };
		19B956471C35239B0035C50B /* TopStoriesCell.m in Sources */ = {isa = PBXBuildFile; fileRef = 19B956461C35239B0035C50B /* TopStoriesCell.m */; };
		19B9564A1C3529870035C50B /* DateStoriesCell.m in Sources */ = {isa = PBXBuildFile; fileRef = 19B956491C3529870035C50B /* DateStoriesCell.m */; };
/* End PBXBuildFile section */

/* Begin PBXFileReference section */
		191CC7261C36AC99001936C6 /* LoginPageVC.h */ = {isa = PBXFileReference; fileEncoding = 4; lastKnownFileType = sourcecode.c.h; path = LoginPageVC.h; sourceTree = "<group>"; };
		191CC7271C36AC99001936C6 /* LoginPageVC.m */ = {isa = PBXFileReference; fileEncoding = 4; lastKnownFileType = sourcecode.c.objc; path = LoginPageVC.m; sourceTree = "<group>"; };
		191CC7291C36ACCC001936C6 /* SettingPageVC.h */ = {isa = PBXFileReference; fileEncoding = 4; lastKnownFileType = sourcecode.c.h; path = SettingPageVC.h; sourceTree = "<group>"; };
		191CC72A1C36ACCC001936C6 /* SettingPageVC.m */ = {isa = PBXFileReference; fileEncoding = 4; lastKnownFileType = sourcecode.c.objc; path = SettingPageVC.m; sourceTree = "<group>"; };
		191EB1681C391EC6001011C9 /* HeadPortrait.h */ = {isa = PBXFileReference; fileEncoding = 4; lastKnownFileType = sourcecode.c.h; path = HeadPortrait.h; sourceTree = "<group>"; };
		191EB1691C391EC6001011C9 /* HeadPortrait.m */ = {isa = PBXFileReference; fileEncoding = 4; lastKnownFileType = sourcecode.c.objc; path = HeadPortrait.m; sourceTree = "<group>"; };
		191EB16B1C392166001011C9 /* HeaderPhotoCell.h */ = {isa = PBXFileReference; fileEncoding = 4; lastKnownFileType = sourcecode.c.h; path = HeaderPhotoCell.h; sourceTree = "<group>"; };
		191EB16C1C392166001011C9 /* HeaderPhotoCell.m */ = {isa = PBXFileReference; fileEncoding = 4; lastKnownFileType = sourcecode.c.objc; path = HeaderPhotoCell.m; sourceTree = "<group>"; };
		191EB1AC1C395A31001011C9 /* AppendNewsCell.h */ = {isa = PBXFileReference; fileEncoding = 4; lastKnownFileType = sourcecode.c.h; path = AppendNewsCell.h; sourceTree = "<group>"; };
		191EB1AD1C395A31001011C9 /* AppendNewsCell.m */ = {isa = PBXFileReference; fileEncoding = 4; lastKnownFileType = sourcecode.c.objc; path = AppendNewsCell.m; sourceTree = "<group>"; };
		191EB1B51C3960B6001011C9 /* SelectBtnVC.h */ = {isa = PBXFileReference; fileEncoding = 4; lastKnownFileType = sourcecode.c.h; path = SelectBtnVC.h; sourceTree = "<group>"; };
		191EB1B61C3960B6001011C9 /* SelectBtnVC.m */ = {isa = PBXFileReference; fileEncoding = 4; lastKnownFileType = sourcecode.c.objc; path = SelectBtnVC.m; sourceTree = "<group>"; };
		19448CDD1C38F2B400DB982F /* BaseVC.h */ = {isa = PBXFileReference; fileEncoding = 4; lastKnownFileType = sourcecode.c.h; path = BaseVC.h; sourceTree = "<group>"; };
		19448CDE1C38F2B400DB982F /* BaseVC.m */ = {isa = PBXFileReference; fileEncoding = 4; lastKnownFileType = sourcecode.c.objc; path = BaseVC.m; sourceTree = "<group>"; };
		19448CE31C38F49600DB982F /* DetailsPageVC.h */ = {isa = PBXFileReference; fileEncoding = 4; lastKnownFileType = sourcecode.c.h; path = DetailsPageVC.h; sourceTree = "<group>"; };
		19448CE41C38F49600DB982F /* DetailsPageVC.m */ = {isa = PBXFileReference; fileEncoding = 4; lastKnownFileType = sourcecode.c.objc; path = DetailsPageVC.m; sourceTree = "<group>"; };
		19448CE61C38F72E00DB982F /* DetailsModel.h */ = {isa = PBXFileReference; fileEncoding = 4; lastKnownFileType = sourcecode.c.h; path = DetailsModel.h; sourceTree = "<group>"; };
		19448CE71C38F72E00DB982F /* DetailsModel.m */ = {isa = PBXFileReference; fileEncoding = 4; lastKnownFileType = sourcecode.c.objc; path = DetailsModel.m; sourceTree = "<group>"; };
		197DF4BD1C3A46A50098466E /* AppendNews.h */ = {isa = PBXFileReference; fileEncoding = 4; lastKnownFileType = sourcecode.c.h; path = AppendNews.h; sourceTree = "<group>"; };
		197DF4BE1C3A46A50098466E /* AppendNews.m */ = {isa = PBXFileReference; fileEncoding = 4; lastKnownFileType = sourcecode.c.objc; path = AppendNews.m; sourceTree = "<group>"; };
		197DF4C01C3A46D60098466E /* ShowNews.h */ = {isa = PBXFileReference; fileEncoding = 4; lastKnownFileType = sourcecode.c.h; path = ShowNews.h; sourceTree = "<group>"; };
		197DF4C11C3A46D60098466E /* ShowNews.m */ = {isa = PBXFileReference; fileEncoding = 4; lastKnownFileType = sourcecode.c.objc; path = ShowNews.m; sourceTree = "<group>"; };
		19B956191C34F4D00035C50B /* ZhihuNewsDaily.app */ = {isa = PBXFileReference; explicitFileType = wrapper.application; includeInIndex = 0; path = ZhihuNewsDaily.app; sourceTree = BUILT_PRODUCTS_DIR; };
		19B9561D1C34F4D00035C50B /* main.m */ = {isa = PBXFileReference; lastKnownFileType = sourcecode.c.objc; path = main.m; sourceTree = "<group>"; };
		19B9561F1C34F4D00035C50B /* AppDelegate.h */ = {isa = PBXFileReference; lastKnownFileType = sourcecode.c.h; path = AppDelegate.h; sourceTree = "<group>"; };
		19B956201C34F4D00035C50B /* AppDelegate.m */ = {isa = PBXFileReference; lastKnownFileType = sourcecode.c.objc; path = AppDelegate.m; sourceTree = "<group>"; };
		19B956221C34F4D00035C50B /* HomePageNewsVC.h */ = {isa = PBXFileReference; lastKnownFileType = sourcecode.c.h; path = HomePageNewsVC.h; sourceTree = "<group>"; };
		19B956231C34F4D00035C50B /* HomePageNewsVC.m */ = {isa = PBXFileReference; lastKnownFileType = sourcecode.c.objc; path = HomePageNewsVC.m; sourceTree = "<group>"; };
		19B956261C34F4D00035C50B /* Base */ = {isa = PBXFileReference; lastKnownFileType = file.storyboard; name = Base; path = Base.lproj/Main.storyboard; sourceTree = "<group>"; };
		19B956281C34F4D00035C50B /* Assets.xcassets */ = {isa = PBXFileReference; lastKnownFileType = folder.assetcatalog; path = Assets.xcassets; sourceTree = "<group>"; };
		19B9562B1C34F4D00035C50B /* Base */ = {isa = PBXFileReference; lastKnownFileType = file.storyboard; name = Base; path = Base.lproj/LaunchScreen.storyboard; sourceTree = "<group>"; };
		19B9562D1C34F4D00035C50B /* Info.plist */ = {isa = PBXFileReference; lastKnownFileType = text.plist.xml; path = Info.plist; sourceTree = "<group>"; };
		19B956391C34FB900035C50B /* GetNetworkData.h */ = {isa = PBXFileReference; fileEncoding = 4; lastKnownFileType = sourcecode.c.h; path = GetNetworkData.h; sourceTree = "<group>"; };
		19B9563A1C34FB900035C50B /* GetNetworkData.m */ = {isa = PBXFileReference; fileEncoding = 4; lastKnownFileType = sourcecode.c.objc; path = GetNetworkData.m; sourceTree = "<group>"; };
		19B9563C1C3501880035C50B /* BaseCell.h */ = {isa = PBXFileReference; fileEncoding = 4; lastKnownFileType = sourcecode.c.h; path = BaseCell.h; sourceTree = "<group>"; };
		19B9563D1C3501880035C50B /* BaseCell.m */ = {isa = PBXFileReference; fileEncoding = 4; lastKnownFileType = sourcecode.c.objc; path = BaseCell.m; sourceTree = "<group>"; };
		19B956421C350AAD0035C50B /* StoriesCell.h */ = {isa = PBXFileReference; fileEncoding = 4; lastKnownFileType = sourcecode.c.h; path = StoriesCell.h; sourceTree = "<group>"; };
		19B956431C350AAD0035C50B /* StoriesCell.m */ = {isa = PBXFileReference; fileEncoding = 4; lastKnownFileType = sourcecode.c.objc; path = StoriesCell.m; sourceTree = "<group>"; };
		19B956451C35239B0035C50B /* TopStoriesCell.h */ = {isa = PBXFileReference; fileEncoding = 4; lastKnownFileType = sourcecode.c.h; path = TopStoriesCell.h; sourceTree = "<group>"; };
		19B956461C35239B0035C50B /* TopStoriesCell.m */ = {isa = PBXFileReference; fileEncoding = 4; lastKnownFileType = sourcecode.c.objc; path = TopStoriesCell.m; sourceTree = "<group>"; };
		19B956481C3529870035C50B /* DateStoriesCell.h */ = {isa = PBXFileReference; fileEncoding = 4; lastKnownFileType = sourcecode.c.h; path = DateStoriesCell.h; sourceTree = "<group>"; };
		19B956491C3529870035C50B /* DateStoriesCell.m */ = {isa = PBXFileReference; fileEncoding = 4; lastKnownFileType = sourcecode.c.objc; path = DateStoriesCell.m; sourceTree = "<group>"; };
		1ACAF1271BCC34B6699C6601 /* libPods.a */ = {isa = PBXFileReference; explicitFileType = archive.ar; includeInIndex = 0; path = libPods.a; sourceTree = BUILT_PRODUCTS_DIR; };
		86990FCF983A51B2B9B77589 /* Pods.release.xcconfig */ = {isa = PBXFileReference; includeInIndex = 1; lastKnownFileType = text.xcconfig; name = Pods.release.xcconfig; path = "Pods/Target Support Files/Pods/Pods.release.xcconfig"; sourceTree = "<group>"; };
		DE7EA828D4FBE40573B8892C /* Pods.debug.xcconfig */ = {isa = PBXFileReference; includeInIndex = 1; lastKnownFileType = text.xcconfig; name = Pods.debug.xcconfig; path = "Pods/Target Support Files/Pods/Pods.debug.xcconfig"; sourceTree = "<group>"; };
/* End PBXFileReference section */

/* Begin PBXFrameworksBuildPhase section */
		19B956161C34F4D00035C50B /* Frameworks */ = {
			isa = PBXFrameworksBuildPhase;
			buildActionMask = 2147483647;
			files = (
				02E01B92F02218BF0F03CB50 /* libPods.a in Frameworks */,
			);
			runOnlyForDeploymentPostprocessing = 0;
		};
/* End PBXFrameworksBuildPhase section */

/* Begin PBXGroup section */
		191EB1661C391AE6001011C9 /* HomePage */ = {
			isa = PBXGroup;
			children = (
				19B956421C350AAD0035C50B /* StoriesCell.h */,
				19B956431C350AAD0035C50B /* StoriesCell.m */,
				19B956451C35239B0035C50B /* TopStoriesCell.h */,
				19B956461C35239B0035C50B /* TopStoriesCell.m */,
				19B956481C3529870035C50B /* DateStoriesCell.h */,
				19B956491C3529870035C50B /* DateStoriesCell.m */,
			);
			name = HomePage;
			sourceTree = "<group>";
		};
		191EB1671C391AF5001011C9 /* AppendNews */ = {
			isa = PBXGroup;
			children = (
				191EB16B1C392166001011C9 /* HeaderPhotoCell.h */,
				191EB16C1C392166001011C9 /* HeaderPhotoCell.m */,
				191EB1AC1C395A31001011C9 /* AppendNewsCell.h */,
				191EB1AD1C395A31001011C9 /* AppendNewsCell.m */,
			);
			name = AppendNews;
			sourceTree = "<group>";
		};
		19B956101C34F4D00035C50B = {
			isa = PBXGroup;
			children = (
				19B9561B1C34F4D00035C50B /* ZhihuNewsDaily */,
				19B9561A1C34F4D00035C50B /* Products */,
				BEFF71A1286C1E8A52D1DB7D /* Pods */,
				F42B869050FD225BB5DA2722 /* Frameworks */,
			);
			sourceTree = "<group>";
		};
		19B9561A1C34F4D00035C50B /* Products */ = {
			isa = PBXGroup;
			children = (
				19B956191C34F4D00035C50B /* ZhihuNewsDaily.app */,
			);
			name = Products;
			sourceTree = "<group>";
		};
		19B9561B1C34F4D00035C50B /* ZhihuNewsDaily */ = {
			isa = PBXGroup;
			children = (
				19B956391C34FB900035C50B /* GetNetworkData.h */,
				19B9563A1C34FB900035C50B /* GetNetworkData.m */,
				19B956351C34F5370035C50B /* Controller */,
				19B956341C34F52D0035C50B /* Model */,
				19B956331C34F5270035C50B /* View */,
				19B9561F1C34F4D00035C50B /* AppDelegate.h */,
				19B956201C34F4D00035C50B /* AppDelegate.m */,
				19B956251C34F4D00035C50B /* Main.storyboard */,
				19B956281C34F4D00035C50B /* Assets.xcassets */,
				19B9562A1C34F4D00035C50B /* LaunchScreen.storyboard */,
				19B9562D1C34F4D00035C50B /* Info.plist */,
				19B9561C1C34F4D00035C50B /* Supporting Files */,
			);
			name = ZhihuNewsDaily;
			path = ZhihuDailyPurify;
			sourceTree = "<group>";
		};
		19B9561C1C34F4D00035C50B /* Supporting Files */ = {
			isa = PBXGroup;
			children = (
				19B9561D1C34F4D00035C50B /* main.m */,
			);
			name = "Supporting Files";
			sourceTree = "<group>";
		};
		19B956331C34F5270035C50B /* View */ = {
			isa = PBXGroup;
			children = (
				19B9563C1C3501880035C50B /* BaseCell.h */,
				19B9563D1C3501880035C50B /* BaseCell.m */,
				191EB1661C391AE6001011C9 /* HomePage */,
				191EB1671C391AF5001011C9 /* AppendNews */,
			);
			name = View;
			sourceTree = "<group>";
		};
		19B956341C34F52D0035C50B /* Model */ = {
			isa = PBXGroup;
			children = (
				197DF4C01C3A46D60098466E /* ShowNews.h */,
				197DF4C11C3A46D60098466E /* ShowNews.m */,
				19448CE61C38F72E00DB982F /* DetailsModel.h */,
				19448CE71C38F72E00DB982F /* DetailsModel.m */,
				191EB1681C391EC6001011C9 /* HeadPortrait.h */,
				191EB1691C391EC6001011C9 /* HeadPortrait.m */,
				197DF4BD1C3A46A50098466E /* AppendNews.h */,
				197DF4BE1C3A46A50098466E /* AppendNews.m */,
			);
			name = Model;
			sourceTree = "<group>";
		};
		19B956351C34F5370035C50B /* Controller */ = {
			isa = PBXGroup;
			children = (
				19448CDD1C38F2B400DB982F /* BaseVC.h */,
				19448CDE1C38F2B400DB982F /* BaseVC.m */,
				19B956221C34F4D00035C50B /* HomePageNewsVC.h */,
				19B956231C34F4D00035C50B /* HomePageNewsVC.m */,
				19448CE31C38F49600DB982F /* DetailsPageVC.h */,
				19448CE41C38F49600DB982F /* DetailsPageVC.m */,
				191CC7261C36AC99001936C6 /* LoginPageVC.h */,
				191CC7271C36AC99001936C6 /* LoginPageVC.m */,
				191CC7291C36ACCC001936C6 /* SettingPageVC.h */,
				191CC72A1C36ACCC001936C6 /* SettingPageVC.m */,
				191EB1B51C3960B6001011C9 /* SelectBtnVC.h */,
				191EB1B61C3960B6001011C9 /* SelectBtnVC.m */,
			);
			name = Controller;
			sourceTree = "<group>";
		};
		BEFF71A1286C1E8A52D1DB7D /* Pods */ = {
			isa = PBXGroup;
			children = (
				DE7EA828D4FBE40573B8892C /* Pods.debug.xcconfig */,
				86990FCF983A51B2B9B77589 /* Pods.release.xcconfig */,
			);
			name = Pods;
			sourceTree = "<group>";
		};
		F42B869050FD225BB5DA2722 /* Frameworks */ = {
			isa = PBXGroup;
			children = (
				1ACAF1271BCC34B6699C6601 /* libPods.a */,
			);
			name = Frameworks;
			sourceTree = "<group>";
		};
/* End PBXGroup section */

/* Begin PBXNativeTarget section */
		19B956181C34F4D00035C50B /* ZhihuNewsDaily */ = {
			isa = PBXNativeTarget;
			buildConfigurationList = 19B956301C34F4D00035C50B /* Build configuration list for PBXNativeTarget "ZhihuNewsDaily" */;
			buildPhases = (
				E78996354B7A87253EDAC0A1 /* Check Pods Manifest.lock */,
				19B956151C34F4D00035C50B /* Sources */,
				19B956161C34F4D00035C50B /* Frameworks */,
				19B956171C34F4D00035C50B /* Resources */,
				8DE4DF19446CA3B02E0475D2 /* Embed Pods Frameworks */,
				8F020DDFB74DF8BD9F8E1091 /* Copy Pods Resources */,
			);
			buildRules = (
			);
			dependencies = (
			);
			name = ZhihuNewsDaily;
			productName = ZhihuDailyPurify;
			productReference = 19B956191C34F4D00035C50B /* ZhihuNewsDaily.app */;
			productType = "com.apple.product-type.application";
		};
/* End PBXNativeTarget section */

/* Begin PBXProject section */
		19B956111C34F4D00035C50B /* Project object */ = {
			isa = PBXProject;
			attributes = {
				LastUpgradeCheck = 0720;
				ORGANIZATIONNAME = yeyy;
				TargetAttributes = {
					19B956181C34F4D00035C50B = {
						CreatedOnToolsVersion = 7.2;
					};
				};
			};
			buildConfigurationList = 19B956141C34F4D00035C50B /* Build configuration list for PBXProject "ZhihuNewsDaily" */;
			compatibilityVersion = "Xcode 3.2";
			developmentRegion = English;
			hasScannedForEncodings = 0;
			knownRegions = (
				en,
				Base,
			);
			mainGroup = 19B956101C34F4D00035C50B;
			productRefGroup = 19B9561A1C34F4D00035C50B /* Products */;
			projectDirPath = "";
			projectRoot = "";
			targets = (
				19B956181C34F4D00035C50B /* ZhihuNewsDaily */,
			);
		};
/* End PBXProject section */

/* Begin PBXResourcesBuildPhase section */
		19B956171C34F4D00035C50B /* Resources */ = {
			isa = PBXResourcesBuildPhase;
			buildActionMask = 2147483647;
			files = (
				19B9562C1C34F4D00035C50B /* LaunchScreen.storyboard in Resources */,
				19B956291C34F4D00035C50B /* Assets.xcassets in Resources */,
				19B956271C34F4D00035C50B /* Main.storyboard in Resources */,
			);
			runOnlyForDeploymentPostprocessing = 0;
		};
/* End PBXResourcesBuildPhase section */

/* Begin PBXShellScriptBuildPhase section */
		8DE4DF19446CA3B02E0475D2 /* Embed Pods Frameworks */ = {
			isa = PBXShellScriptBuildPhase;
			buildActionMask = 2147483647;
			files = (
			);
			inputPaths = (
			);
			name = "Embed Pods Frameworks";
			outputPaths = (
			);
			runOnlyForDeploymentPostprocessing = 0;
			shellPath = /bin/sh;
			shellScript = "\"${SRCROOT}/Pods/Target Support Files/Pods/Pods-frameworks.sh\"\n";
			showEnvVarsInLog = 0;
		};
		8F020DDFB74DF8BD9F8E1091 /* Copy Pods Resources */ = {
			isa = PBXShellScriptBuildPhase;
			buildActionMask = 2147483647;
			files = (
			);
			inputPaths = (
			);
			name = "Copy Pods Resources";
			outputPaths = (
			);
			runOnlyForDeploymentPostprocessing = 0;
			shellPath = /bin/sh;
			shellScript = "\"${SRCROOT}/Pods/Target Support Files/Pods/Pods-resources.sh\"\n";
			showEnvVarsInLog = 0;
		};
		E78996354B7A87253EDAC0A1 /* Check Pods Manifest.lock */ = {
			isa = PBXShellScriptBuildPhase;
			buildActionMask = 2147483647;
			files = (
			);
			inputPaths = (
			);
			name = "Check Pods Manifest.lock";
			outputPaths = (
			);
			runOnlyForDeploymentPostprocessing = 0;
			shellPath = /bin/sh;
			shellScript = "diff \"${PODS_ROOT}/../Podfile.lock\" \"${PODS_ROOT}/Manifest.lock\" > /dev/null\nif [[ $? != 0 ]] ; then\n    cat << EOM\nerror: The sandbox is not in sync with the Podfile.lock. Run 'pod install' or update your CocoaPods installation.\nEOM\n    exit 1\nfi\n";
			showEnvVarsInLog = 0;
		};
/* End PBXShellScriptBuildPhase section */

/* Begin PBXSourcesBuildPhase section */
		19B956151C34F4D00035C50B /* Sources */ = {
			isa = PBXSourcesBuildPhase;
			buildActionMask = 2147483647;
			files = (
				19B956241C34F4D00035C50B /* HomePageNewsVC.m in Sources */,
				19B956441C350AAD0035C50B /* StoriesCell.m in Sources */,
				19B9564A1C3529870035C50B /* DateStoriesCell.m in Sources */,
				19448CDF1C38F2B400DB982F /* BaseVC.m in Sources */,
				197DF4BF1C3A46A50098466E /* AppendNews.m in Sources */,
				191EB16A1C391EC6001011C9 /* HeadPortrait.m in Sources */,
				197DF4C21C3A46D60098466E /* ShowNews.m in Sources */,
				19448CE51C38F49600DB982F /* DetailsPageVC.m in Sources */,
				191CC72B1C36ACCC001936C6 /* SettingPageVC.m in Sources */,
				19448CE81C38F72E00DB982F /* DetailsModel.m in Sources */,
				19B9563E1C3501880035C50B /* BaseCell.m in Sources */,
				191EB1AE1C395A31001011C9 /* AppendNewsCell.m in Sources */,
				191EB1B71C3960B6001011C9 /* SelectBtnVC.m in Sources */,
				191CC7281C36AC99001936C6 /* LoginPageVC.m in Sources */,
				19B9563B1C34FB900035C50B /* GetNetworkData.m in Sources */,
				19B956211C34F4D00035C50B /* AppDelegate.m in Sources */,
				19B9561E1C34F4D00035C50B /* main.m in Sources */,
				19B956471C35239B0035C50B /* TopStoriesCell.m in Sources */,
				191EB16D1C392166001011C9 /* HeaderPhotoCell.m in Sources */,
			);
			runOnlyForDeploymentPostprocessing = 0;
		};
/* End PBXSourcesBuildPhase section */

/* Begin PBXVariantGroup section */
		19B956251C34F4D00035C50B /* Main.storyboard */ = {
			isa = PBXVariantGroup;
			children = (
				19B956261C34F4D00035C50B /* Base */,
			);
			name = Main.storyboard;
			sourceTree = "<group>";
		};
		19B9562A1C34F4D00035C50B /* LaunchScreen.storyboard */ = {
			isa = PBXVariantGroup;
			children = (
				19B9562B1C34F4D00035C50B /* Base */,
			);
			name = LaunchScreen.storyboard;
			sourceTree = "<group>";
		};
/* End PBXVariantGroup section */

/* Begin XCBuildConfiguration section */
		19B9562E1C34F4D00035C50B /* Debug */ = {
			isa = XCBuildConfiguration;
			buildSettings = {
				ALWAYS_SEARCH_USER_PATHS = NO;
				CLANG_CXX_LANGUAGE_STANDARD = "gnu++0x";
				CLANG_CXX_LIBRARY = "libc++";
				CLANG_ENABLE_MODULES = YES;
				CLANG_ENABLE_OBJC_ARC = YES;
				CLANG_WARN_BOOL_CONVERSION = YES;
				CLANG_WARN_CONSTANT_CONVERSION = YES;
				CLANG_WARN_DIRECT_OBJC_ISA_USAGE = YES_ERROR;
				CLANG_WARN_EMPTY_BODY = YES;
				CLANG_WARN_ENUM_CONVERSION = YES;
				CLANG_WARN_INT_CONVERSION = YES;
				CLANG_WARN_OBJC_ROOT_CLASS = YES_ERROR;
				CLANG_WARN_UNREACHABLE_CODE = YES;
				CLANG_WARN__DUPLICATE_METHOD_MATCH = YES;
				"CODE_SIGN_IDENTITY[sdk=iphoneos*]" = "iPhone Developer";
				COPY_PHASE_STRIP = NO;
				DEBUG_INFORMATION_FORMAT = dwarf;
				ENABLE_STRICT_OBJC_MSGSEND = YES;
				ENABLE_TESTABILITY = YES;
				GCC_C_LANGUAGE_STANDARD = gnu99;
				GCC_DYNAMIC_NO_PIC = NO;
				GCC_NO_COMMON_BLOCKS = YES;
				GCC_OPTIMIZATION_LEVEL = 0;
				GCC_PREPROCESSOR_DEFINITIONS = (
					"DEBUG=1",
					"$(inherited)",
				);
				GCC_WARN_64_TO_32_BIT_CONVERSION = YES;
				GCC_WARN_ABOUT_RETURN_TYPE = YES_ERROR;
				GCC_WARN_UNDECLARED_SELECTOR = YES;
				GCC_WARN_UNINITIALIZED_AUTOS = YES_AGGRESSIVE;
				GCC_WARN_UNUSED_FUNCTION = YES;
				GCC_WARN_UNUSED_VARIABLE = YES;
				IPHONEOS_DEPLOYMENT_TARGET = 9.2;
				MTL_ENABLE_DEBUG_INFO = YES;
				ONLY_ACTIVE_ARCH = YES;
				SDKROOT = iphoneos;
			};
			name = Debug;
		};
		19B9562F1C34F4D00035C50B /* Release */ = {
			isa = XCBuildConfiguration;
			buildSettings = {
				ALWAYS_SEARCH_USER_PATHS = NO;
				CLANG_CXX_LANGUAGE_STANDARD = "gnu++0x";
				CLANG_CXX_LIBRARY = "libc++";
				CLANG_ENABLE_MODULES = YES;
				CLANG_ENABLE_OBJC_ARC = YES;
				CLANG_WARN_BOOL_CONVERSION = YES;
				CLANG_WARN_CONSTANT_CONVERSION = YES;
				CLANG_WARN_DIRECT_OBJC_ISA_USAGE = YES_ERROR;
				CLANG_WARN_EMPTY_BODY = YES;
				CLANG_WARN_ENUM_CONVERSION = YES;
				CLANG_WARN_INT_CONVERSION = YES;
				CLANG_WARN_OBJC_ROOT_CLASS = YES_ERROR;
				CLANG_WARN_UNREACHABLE_CODE = YES;
				CLANG_WARN__DUPLICATE_METHOD_MATCH = YES;
				"CODE_SIGN_IDENTITY[sdk=iphoneos*]" = "iPhone Developer";
				COPY_PHASE_STRIP = NO;
				DEBUG_INFORMATION_FORMAT = "dwarf-with-dsym";
				ENABLE_NS_ASSERTIONS = NO;
				ENABLE_STRICT_OBJC_MSGSEND = YES;
				GCC_C_LANGUAGE_STANDARD = gnu99;
				GCC_NO_COMMON_BLOCKS = YES;
				GCC_WARN_64_TO_32_BIT_CONVERSION = YES;
				GCC_WARN_ABOUT_RETURN_TYPE = YES_ERROR;
				GCC_WARN_UNDECLARED_SELECTOR = YES;
				GCC_WARN_UNINITIALIZED_AUTOS = YES_AGGRESSIVE;
				GCC_WARN_UNUSED_FUNCTION = YES;
				GCC_WARN_UNUSED_VARIABLE = YES;
				IPHONEOS_DEPLOYMENT_TARGET = 9.2;
				MTL_ENABLE_DEBUG_INFO = NO;
				SDKROOT = iphoneos;
				VALIDATE_PRODUCT = YES;
			};
			name = Release;
		};
		19B956311C34F4D00035C50B /* Debug */ = {
			isa = XCBuildConfiguration;
			baseConfigurationReference = DE7EA828D4FBE40573B8892C /* Pods.debug.xcconfig */;
			buildSettings = {
				ASSETCATALOG_COMPILER_APPICON_NAME = AppIcon;
				INFOPLIST_FILE = ZhihuDailyPurify/Info.plist;
				LD_RUNPATH_SEARCH_PATHS = "$(inherited) @executable_path/Frameworks";
				PRODUCT_BUNDLE_IDENTIFIER = com.loufq.ZhihuNewsDaily;
				PRODUCT_NAME = ZhihuNewsDaily;
			};
			name = Debug;
		};
		19B956321C34F4D00035C50B /* Release */ = {
			isa = XCBuildConfiguration;
			baseConfigurationReference = 86990FCF983A51B2B9B77589 /* Pods.release.xcconfig */;
			buildSettings = {
				ASSETCATALOG_COMPILER_APPICON_NAME = AppIcon;
				INFOPLIST_FILE = ZhihuDailyPurify/Info.plist;
				LD_RUNPATH_SEARCH_PATHS = "$(inherited) @executable_path/Frameworks";
				PRODUCT_BUNDLE_IDENTIFIER = com.loufq.ZhihuNewsDaily;
				PRODUCT_NAME = ZhihuNewsDaily;
			};
			name = Release;
		};
/* End XCBuildConfiguration section */

/* Begin XCConfigurationList section */
		19B956141C34F4D00035C50B /* Build configuration list for PBXProject "ZhihuNewsDaily" */ = {
			isa = XCConfigurationList;
			buildConfigurations = (
				19B9562E1C34F4D00035C50B /* Debug */,
				19B9562F1C34F4D00035C50B /* Release */,
			);
			defaultConfigurationIsVisible = 0;
			defaultConfigurationName = Release;
		};
		19B956301C34F4D00035C50B /* Build configuration list for PBXNativeTarget "ZhihuNewsDaily" */ = {
			isa = XCConfigurationList;
			buildConfigurations = (
				19B956311C34F4D00035C50B /* Debug */,
				19B956321C34F4D00035C50B /* Release */,
			);
			defaultConfigurationIsVisible = 0;
			defaultConfigurationName = Release;
		};
/* End XCConfigurationList section */
	};
	rootObject = 19B956111C34F4D00035C50B /* Project object */;
}
